
Microsoft Visual Studio Solution File, Format Version 12.00
# Visual Studio Version 17
VisualStudioVersion = 17.14.36616.10
MinimumVisualStudioVersion = 10.0.40219.1
Project("{FAE04EC0-301F-11D3-BF4B-00C04F79EFBC}") = "AtlasLibrary.LoansApi", "AtlasLibrary.LoansApi\AtlasLibrary.LoansApi.csproj", "{39109727-285C-4339-AD22-1457531BB6CF}"
EndProject
Global
	GlobalSection(SolutionConfigurationPlatforms) = preSolution
		Debug|Any CPU = Debug|Any CPU
		Release|Any CPU = Release|Any CPU
	EndGlobalSection
	GlobalSection(ProjectConfigurationPlatforms) = postSolution
		{39109727-285C-4339-AD22-1457531BB6CF}.Debug|Any CPU.ActiveCfg = Debug|Any CPU
		{39109727-285C-4339-AD22-1457531BB6CF}.Debug|Any CPU.Build.0 = Debug|Any CPU
		{39109727-285C-4339-AD22-1457531BB6CF}.Release|Any CPU.ActiveCfg = Release|Any CPU
		{39109727-285C-4339-AD22-1457531BB6CF}.Release|Any CPU.Build.0 = Release|Any CPU
	EndGlobalSection
	GlobalSection(SolutionProperties) = preSolution
		HideSolutionNode = FALSE
	EndGlobalSection
	GlobalSection(ExtensibilityGlobals) = postSolution
		SolutionGuid = {FA14861E-F663-405A-ABE3-DCBD77C9C37D}
	EndGlobalSection
EndGlobal
