
Microsoft Visual Studio Solution File, Format Version 12.00
# Visual Studio Version 17
VisualStudioVersion = 17.14.36616.10 d17.14
MinimumVisualStudioVersion = 10.0.40219.1
Project("{FAE04EC0-301F-11D3-BF4B-00C04F79EFBC}") = "AtlasLibrary", "AtlasLibrary\AtlasLibrary.csproj", "{5ABEC9F5-B47C-47DF-B595-23973A06D05F}"
EndProject
Project("{FAE04EC0-301F-11D3-BF4B-00C04F79EFBC}") = "ItemsAPI", "ItemsAPI\ItemsAPI.csproj", "{72085009-80D7-4F71-9586-D38BB4038B4D}"
EndProject
Project("{FAE04EC0-301F-11D3-BF4B-00C04F79EFBC}") = "LibraryAdminPanel", "AdminPanel\LibraryAdminPanel.csproj", "{FBE37124-8CC4-400A-8EC5-3A734588FF10}"
EndProject
Global
	GlobalSection(SolutionConfigurationPlatforms) = preSolution
		Debug|Any CPU = Debug|Any CPU
		Release|Any CPU = Release|Any CPU
	EndGlobalSection
	GlobalSection(ProjectConfigurationPlatforms) = postSolution
		{5ABEC9F5-B47C-47DF-B595-23973A06D05F}.Debug|Any CPU.ActiveCfg = Debug|Any CPU
		{5ABEC9F5-B47C-47DF-B595-23973A06D05F}.Debug|Any CPU.Build.0 = Debug|Any CPU
		{5ABEC9F5-B47C-47DF-B595-23973A06D05F}.Release|Any CPU.ActiveCfg = Release|Any CPU
		{5ABEC9F5-B47C-47DF-B595-23973A06D05F}.Release|Any CPU.Build.0 = Release|Any CPU
		{72085009-80D7-4F71-9586-D38BB4038B4D}.Debug|Any CPU.ActiveCfg = Debug|Any CPU
		{72085009-80D7-4F71-9586-D38BB4038B4D}.Debug|Any CPU.Build.0 = Debug|Any CPU
		{72085009-80D7-4F71-9586-D38BB4038B4D}.Release|Any CPU.ActiveCfg = Release|Any CPU
		{72085009-80D7-4F71-9586-D38BB4038B4D}.Release|Any CPU.Build.0 = Release|Any CPU
		{FBE37124-8CC4-400A-8EC5-3A734588FF10}.Debug|Any CPU.ActiveCfg = Debug|Any CPU
		{FBE37124-8CC4-400A-8EC5-3A734588FF10}.Debug|Any CPU.Build.0 = Debug|Any CPU
		{FBE37124-8CC4-400A-8EC5-3A734588FF10}.Release|Any CPU.ActiveCfg = Release|Any CPU
		{FBE37124-8CC4-400A-8EC5-3A734588FF10}.Release|Any CPU.Build.0 = Release|Any CPU
	EndGlobalSection
	GlobalSection(SolutionProperties) = preSolution
		HideSolutionNode = FALSE
	EndGlobalSection
	GlobalSection(ExtensibilityGlobals) = postSolution
		SolutionGuid = {493B2B22-0795-4FC8-A038-AFF0565745C5}
	EndGlobalSection
EndGlobal
